
Microsoft Visual Studio Solution File, Format Version 12.00
# Visual Studio Version 17
VisualStudioVersion = 17.4.33110.190
MinimumVisualStudioVersion = 10.0.40219.1
Project("{FAE04EC0-301F-11D3-BF4B-00C04F79EFBC}") = "CoreScratch", "CoreScratch.csproj", "{609A56BA-E312-4A69-A372-BAFF54B79D7D}"
EndProject
Global
	GlobalSection(SolutionConfigurationPlatforms) = preSolution
		Debug|Any CPU = Debug|Any CPU
		Release|Any CPU = Release|Any CPU
	EndGlobalSection
	GlobalSection(ProjectConfigurationPlatforms) = postSolution
		{609A56BA-E312-4A69-A372-BAFF54B79D7D}.Debug|Any CPU.ActiveCfg = Debug|Any CPU
		{609A56BA-E312-4A69-A372-BAFF54B79D7D}.Debug|Any CPU.Build.0 = Debug|Any CPU
		{609A56BA-E312-4A69-A372-BAFF54B79D7D}.Release|Any CPU.ActiveCfg = Release|Any CPU
		{609A56BA-E312-4A69-A372-BAFF54B79D7D}.Release|Any CPU.Build.0 = Release|Any CPU
	EndGlobalSection
	GlobalSection(SolutionProperties) = preSolution
		HideSolutionNode = FALSE
	EndGlobalSection
	GlobalSection(ExtensibilityGlobals) = postSolution
		SolutionGuid = {D63A2603-E3BD-4791-AAC6-73FAE0EB77DD}
	EndGlobalSection
EndGlobal
